
Microsoft Visual Studio Solution File, Format Version 12.00
# Visual Studio Version 17
VisualStudioVersion = 17.11.35208.52
MinimumVisualStudioVersion = 10.0.40219.1
Project("{FAE04EC0-301F-11D3-BF4B-00C04F79EFBC}") = "trabalho02", "trabalho02\trabalho02.csproj", "{E0317B95-DD04-43F9-B9F7-E878F3DFCE46}"
EndProject
Project("{FAE04EC0-301F-11D3-BF4B-00C04F79EFBC}") = "Teste", "Teste\Teste.csproj", "{02C48D9E-B53E-4E2E-8D28-AD9FF02E0989}"
EndProject
Global
	GlobalSection(SolutionConfigurationPlatforms) = preSolution
		Debug|Any CPU = Debug|Any CPU
		Release|Any CPU = Release|Any CPU
	EndGlobalSection
	GlobalSection(ProjectConfigurationPlatforms) = postSolution
		{E0317B95-DD04-43F9-B9F7-E878F3DFCE46}.Debug|Any CPU.ActiveCfg = Debug|Any CPU
		{E0317B95-DD04-43F9-B9F7-E878F3DFCE46}.Debug|Any CPU.Build.0 = Debug|Any CPU
		{E0317B95-DD04-43F9-B9F7-E878F3DFCE46}.Release|Any CPU.ActiveCfg = Release|Any CPU
		{E0317B95-DD04-43F9-B9F7-E878F3DFCE46}.Release|Any CPU.Build.0 = Release|Any CPU
		{02C48D9E-B53E-4E2E-8D28-AD9FF02E0989}.Debug|Any CPU.ActiveCfg = Debug|Any CPU
		{02C48D9E-B53E-4E2E-8D28-AD9FF02E0989}.Debug|Any CPU.Build.0 = Debug|Any CPU
		{02C48D9E-B53E-4E2E-8D28-AD9FF02E0989}.Release|Any CPU.ActiveCfg = Release|Any CPU
		{02C48D9E-B53E-4E2E-8D28-AD9FF02E0989}.Release|Any CPU.Build.0 = Release|Any CPU
	EndGlobalSection
	GlobalSection(SolutionProperties) = preSolution
		HideSolutionNode = FALSE
	EndGlobalSection
	GlobalSection(ExtensibilityGlobals) = postSolution
		SolutionGuid = {182346B3-FC04-4DD7-8E0A-1B51FD2D2B9D}
	EndGlobalSection
EndGlobal
